<?xml version="1.0" encoding="utf-8"?>
<Project ToolsVersion="4.0" xmlns="http://schemas.microsoft.com/developer/msbuild/2003">
  <ItemGroup>
    <Filter Include="ソース ファイル">
      <UniqueIdentifier>{4FC737F1-C7A5-4376-A066-2A32D752A2FF}</UniqueIdentifier>
      <Extensions>cpp;c;cc;cxx;c++;cppm;ixx;def;odl;idl;hpj;bat;asm;asmx</Extensions>
    </Filter>
    <Filter Include="ヘッダー ファイル">
      <UniqueIdentifier>{93995380-89BD-4b04-88EB-625FBE52EBFB}</UniqueIdentifier>
      <Extensions>h;hh;hpp;hxx;h++;hm;inl;inc;ipp;xsd</Extensions>
    </Filter>
    <Filter Include="リソース ファイル">
      <UniqueIdentifier>{67DA6AB6-F800-4c08-8B7A-83BB121AAD01}</UniqueIdentifier>
      <Extensions>rc;ico;cur;bmp;dlg;rc2;rct;bin;rgs;gif;jpg;jpeg;jpe;resx;tiff;tif;png;wav;mfcribbon-ms</Extensions>
    </Filter>
    <Filter Include="ソース ファイル\Hashimoto">
      <UniqueIdentifier>{d9f90598-3845-4c55-a8ea-7e4f6223bb8e}</UniqueIdentifier>
    </Filter>
    <Filter Include="ソース ファイル\Kawada">
      <UniqueIdentifier>{620e9486-e345-485d-b00c-38a905a9677f}</UniqueIdentifier>
    </Filter>
    <Filter Include="ソース ファイル\Base">
      <UniqueIdentifier>{10aea14c-20b8-4dd8-89bc-821f9923ea17}</UniqueIdentifier>
    </Filter>
    <Filter Include="ソース ファイル\Base\GameBase">
      <UniqueIdentifier>{69aaba85-72dc-482d-b881-5154cb58b3fb}</UniqueIdentifier>
    </Filter>
    <Filter Include="ソース ファイル\Base\GameBase\Object">
      <UniqueIdentifier>{1904e3bc-8285-49a5-8fda-494fb618412c}</UniqueIdentifier>
    </Filter>
    <Filter Include="ソース ファイル\Base\GameBase\Scene">
      <UniqueIdentifier>{a440b88c-dbdb-48b4-a9da-60c1e885de84}</UniqueIdentifier>
    </Filter>
    <Filter Include="ソース ファイル\Base\GameBase\Camera">
      <UniqueIdentifier>{35252714-6022-4654-8aef-84e8e9309baa}</UniqueIdentifier>
    </Filter>
    <Filter Include="ソース ファイル\Base\GameBase\Animation">
      <UniqueIdentifier>{d7643588-ec4f-41d7-9b32-9ddb37b2bc95}</UniqueIdentifier>
    </Filter>
    <Filter Include="ソース ファイル\Base\GameCore">
      <UniqueIdentifier>{51be7229-d9c8-4ff3-bc72-c7ffb332544d}</UniqueIdentifier>
    </Filter>
    <Filter Include="ソース ファイル\Base\GameCore\SceneManager">
      <UniqueIdentifier>{2cc2e868-d739-4aa8-b163-10c812488135}</UniqueIdentifier>
    </Filter>
    <Filter Include="ソース ファイル\Base\GameCore\TextureLoader">
      <UniqueIdentifier>{1473ccee-45a4-4582-93d4-7cf95a8050b1}</UniqueIdentifier>
    </Filter>
    <Filter Include="ソース ファイル\Base\GameCore\Input">
      <UniqueIdentifier>{4534ad93-fee9-4f74-b012-1def340d9894}</UniqueIdentifier>
    </Filter>
    <Filter Include="ソース ファイル\Base\GameCore\direct3d">
      <UniqueIdentifier>{62519a0b-8e2a-4f7e-a323-fe26f079168d}</UniqueIdentifier>
    </Filter>
    <Filter Include="ソース ファイル\Shader">
      <UniqueIdentifier>{2511f23d-a609-45a1-9b4a-4f187f5858a1}</UniqueIdentifier>
    </Filter>
    <Filter Include="ソース ファイル\Kawada\KawadaScene">
      <UniqueIdentifier>{5ed2b1b0-ca68-4a60-bc1f-2f0f306d1ee5}</UniqueIdentifier>
    </Filter>
    <Filter Include="ソース ファイル\Mizuno">
      <UniqueIdentifier>{1c595654-7265-467c-8867-01eda9b4ba44}</UniqueIdentifier>
    </Filter>
    <Filter Include="ソース ファイル\Mizuno\MizunoScene">
      <UniqueIdentifier>{a637235b-ceb6-40aa-b072-6d1a15951843}</UniqueIdentifier>
    </Filter>
    <Filter Include="ソース ファイル\Wakamura">
      <UniqueIdentifier>{744695ad-1e92-4215-b3f8-d7696fde19e7}</UniqueIdentifier>
    </Filter>
    <Filter Include="ソース ファイル\Wakamura\WakamuraScene">
      <UniqueIdentifier>{4dc68ed6-7a38-43a7-9375-75ca748cb0ad}</UniqueIdentifier>
    </Filter>
    <Filter Include="ソース ファイル\Tatemizo">
      <UniqueIdentifier>{6df0a593-3b98-413a-af71-837870da4f96}</UniqueIdentifier>
    </Filter>
    <Filter Include="ソース ファイル\Tatemizo\TatemizoScene">
      <UniqueIdentifier>{c06c983c-e53f-4bde-b2ce-e7506c53e12a}</UniqueIdentifier>
    </Filter>
    <Filter Include="ソース ファイル\Select">
      <UniqueIdentifier>{3cd70f10-4797-4da5-b83e-b65c53251909}</UniqueIdentifier>
    </Filter>
    <Filter Include="ソース ファイル\Tatemizo\TatemizoScene\controller">
      <UniqueIdentifier>{b83d45f4-6e7d-4b44-8af5-056557ac0b66}</UniqueIdentifier>
    </Filter>
    <Filter Include="ソース ファイル\Kawada\sound">
      <UniqueIdentifier>{fd0487aa-a738-4207-b273-08432f995e01}</UniqueIdentifier>
    </Filter>
    <Filter Include="ソース ファイル\Mizuno\Vector3">
      <UniqueIdentifier>{0736ae91-e869-426c-8557-0acfe459410f}</UniqueIdentifier>
    </Filter>
    <Filter Include="ソース ファイル\Mizuno\Transform">
      <UniqueIdentifier>{f20113f2-617b-4b2c-9808-cd5fbf1878cb}</UniqueIdentifier>
    </Filter>
    <Filter Include="ソース ファイル\Mizuno\DoTween">
      <UniqueIdentifier>{744ed02a-ef7f-4c58-9ee9-7544e4c85d94}</UniqueIdentifier>
    </Filter>
    <Filter Include="ソース ファイル\Mizuno\Collsion">
      <UniqueIdentifier>{9890a305-27f9-4c7e-9563-cb962f5e54f5}</UniqueIdentifier>
    </Filter>
    <Filter Include="ソース ファイル\Tatemizo\TatemizoScene\player">
      <UniqueIdentifier>{079b777e-663a-4b8b-9ec7-cf3998730635}</UniqueIdentifier>
    </Filter>
    <Filter Include="ソース ファイル\Kawada\EffectManeger">
      <UniqueIdentifier>{49565f4d-3158-4abf-97c3-6faaf4e5e010}</UniqueIdentifier>
    </Filter>
    <Filter Include="ソース ファイル\Kawada\Effect">
      <UniqueIdentifier>{b9dab24c-c8bc-40fa-a677-32dbccd7ea6e}</UniqueIdentifier>
    </Filter>
    <Filter Include="ソース ファイル\Kawada\EffectAnimation">
      <UniqueIdentifier>{c0b10ad2-5ee0-4af8-a158-e1dc77d9134c}</UniqueIdentifier>
    </Filter>
    <Filter Include="ソース ファイル\Mizuno\Fade">
      <UniqueIdentifier>{0f10ffad-f1c6-4ce4-94de-cf47a655ca8d}</UniqueIdentifier>
    </Filter>
    <Filter Include="ソース ファイル\Mizuno\Stage">
      <UniqueIdentifier>{a2c8b72d-5eab-405c-a191-90cb0e85d936}</UniqueIdentifier>
    </Filter>
    <Filter Include="ソース ファイル\Mizuno\Stage\Load">
      <UniqueIdentifier>{dfacca5d-0996-4be0-93ea-2193870a9341}</UniqueIdentifier>
    </Filter>
    <Filter Include="ソース ファイル\Mizuno\Stage\Make">
      <UniqueIdentifier>{62a9e623-fec9-4ec1-8485-7dd1197a2548}</UniqueIdentifier>
    </Filter>
    <Filter Include="ソース ファイル\Mizuno\Time">
      <UniqueIdentifier>{fad93da0-9973-4f64-8b31-799f2f0c72eb}</UniqueIdentifier>
    </Filter>
    <Filter Include="ソース ファイル\Mizuno\Stage\StageScene">
      <UniqueIdentifier>{8b0aea10-a1cd-42cd-b0b9-5a4a81875ee6}</UniqueIdentifier>
    </Filter>
    <Filter Include="ソース ファイル\Hashimoto\Player">
      <UniqueIdentifier>{1e83258f-39ac-46d1-bbfc-811e1a76fa3d}</UniqueIdentifier>
    </Filter>
    <Filter Include="ソース ファイル\Hashimoto\Grid">
      <UniqueIdentifier>{823d067e-9176-4aa6-8848-59a6237cee0e}</UniqueIdentifier>
    </Filter>
    <Filter Include="ソース ファイル\Base\GameBase\Vector2">
      <UniqueIdentifier>{00374157-292e-48cb-9a1f-6469169f1c70}</UniqueIdentifier>
    </Filter>
    <Filter Include="ソース ファイル\Tatemizo\TatemizoScene\controller\controllerchild">
      <UniqueIdentifier>{f9465aab-a377-45cb-9439-3f7694f21cb8}</UniqueIdentifier>
    </Filter>
    <Filter Include="ソース ファイル\Base\GameBase\GridObject">
      <UniqueIdentifier>{165b52df-7038-4c82-8b6a-a9a41e37a9d5}</UniqueIdentifier>
    </Filter>
    <Filter Include="ソース ファイル\Mizuno\Stage\Cake">
      <UniqueIdentifier>{c8d66336-856d-4fdb-9e7c-926deb34fedd}</UniqueIdentifier>
    </Filter>
    <Filter Include="ソース ファイル\Mizuno\Stage\Castella">
      <UniqueIdentifier>{104f7904-4460-4c74-8096-6fca0f23bbd7}</UniqueIdentifier>
    </Filter>
    <Filter Include="ソース ファイル\Mizuno\Stage\Wall">
      <UniqueIdentifier>{0dcdcce6-b865-4f48-9545-8771c3c83fbb}</UniqueIdentifier>
    </Filter>
    <Filter Include="ソース ファイル\Mizuno\Stage\Holl">
      <UniqueIdentifier>{55c99746-5751-4002-b6d6-0d66c0de300a}</UniqueIdentifier>
    </Filter>
    <Filter Include="ソース ファイル\Mizuno\Stage\Choco">
      <UniqueIdentifier>{2ec347e4-c714-4ad4-b7c8-958bdbe81d14}</UniqueIdentifier>
    </Filter>
    <Filter Include="ソース ファイル\Mizuno\Stage\Floor">
      <UniqueIdentifier>{606ce8a9-d8a3-4172-9efe-e341dae141b1}</UniqueIdentifier>
    </Filter>
    <Filter Include="ソース ファイル\Mizuno\Stage\Baum">
      <UniqueIdentifier>{7dff0813-b4f5-4009-899a-f35db116efa9}</UniqueIdentifier>
    </Filter>
    <Filter Include="ソース ファイル\Mizuno\Stage\Coin">
      <UniqueIdentifier>{5b5a69ca-9b49-4257-8c24-217ebfd5dc31}</UniqueIdentifier>
    </Filter>
    <Filter Include="ソース ファイル\Mizuno\Stage\Wataame">
      <UniqueIdentifier>{3758202d-3a90-4b2b-882b-9f27d1bece1c}</UniqueIdentifier>
    </Filter>
    <Filter Include="ソース ファイル\Mizuno\Stage\Gumi">
      <UniqueIdentifier>{3b87996c-ff56-4531-9015-0be6e37f8351}</UniqueIdentifier>
    </Filter>
    <Filter Include="ソース ファイル\Mizuno\Stage\Protein">
      <UniqueIdentifier>{8f87f2c1-20e8-4839-98f9-f656efbeff6d}</UniqueIdentifier>
    </Filter>
    <Filter Include="ソース ファイル\Mizuno\Stage\Gall">
      <UniqueIdentifier>{50dfa6dd-a888-4605-ba40-27283ffcde7c}</UniqueIdentifier>
    </Filter>
    <Filter Include="ソース ファイル\Mizuno\Stage\Chili">
      <UniqueIdentifier>{9998fbb4-f21a-47ab-8896-65a7f5339c57}</UniqueIdentifier>
    </Filter>
    <Filter Include="ソース ファイル\Hashimoto\GridTable">
      <UniqueIdentifier>{245040de-01e8-47db-8699-598b52fdd55e}</UniqueIdentifier>
    </Filter>
    <Filter Include="ソース ファイル\Hashimoto\debugText">
      <UniqueIdentifier>{6da28bc9-f924-4fc0-a66f-b54cbb703efc}</UniqueIdentifier>
    </Filter>
    <Filter Include="ソース ファイル\Mizuno\Stage\Item">
      <UniqueIdentifier>{6c038bbd-8cce-4bcd-8c10-3802ddcbe007}</UniqueIdentifier>
    </Filter>
    <Filter Include="ソース ファイル\Mizuno\Stage\Shadow">
      <UniqueIdentifier>{c84275ad-6251-42bd-b223-f19eece73e34}</UniqueIdentifier>
    </Filter>
    <Filter Include="ソース ファイル\Base\GameCore\TextureFactory">
      <UniqueIdentifier>{eb4ece78-3595-434e-9767-f49bc97263e5}</UniqueIdentifier>
    </Filter>
    <Filter Include="ソース ファイル\Wakamura\CWorldSelectScene">
      <UniqueIdentifier>{09435ef5-03ac-4b80-8ec8-f1e6c2a1c708}</UniqueIdentifier>
    </Filter>
    <Filter Include="ソース ファイル\Wakamura\CWorldSelectPlayer">
      <UniqueIdentifier>{8d20f394-e632-4ff7-aae4-863850d7f0bc}</UniqueIdentifier>
    </Filter>
    <Filter Include="ソース ファイル\Hashimoto\Player\PlayerMove">
      <UniqueIdentifier>{c0c357a4-e0a0-4b8e-bc20-47d6927db519}</UniqueIdentifier>
    </Filter>
    <Filter Include="ソース ファイル\Hashimoto\Player\PlayerMove\FatMove">
      <UniqueIdentifier>{10b15db6-1d87-4575-8325-29e582744d95}</UniqueIdentifier>
    </Filter>
    <Filter Include="ソース ファイル\Hashimoto\Player\PlayerMove\ThinMove">
      <UniqueIdentifier>{d4230061-8c6e-4b6a-84bb-82606f56d829}</UniqueIdentifier>
    </Filter>
    <Filter Include="ソース ファイル\Hashimoto\Player\PlayerMove\NormalMove">
      <UniqueIdentifier>{fc79e383-e0cc-46d5-ac96-b7a25d310ecf}</UniqueIdentifier>
    </Filter>
    <Filter Include="ソース ファイル\Hashimoto\Player\PlayerMove\MurscleMove">
      <UniqueIdentifier>{25dc536e-0da5-468c-ae82-1d22ba88e667}</UniqueIdentifier>
    </Filter>
    <Filter Include="ソース ファイル\Wakamura\CStage1SelectScene">
      <UniqueIdentifier>{744c0c17-b4af-4f12-bf30-d30e6e2d27a6}</UniqueIdentifier>
    </Filter>
    <Filter Include="ソース ファイル\Wakamura\CStageSelectPlayer">
      <UniqueIdentifier>{2ec5f6b3-a280-424f-9329-316fcc5c30f5}</UniqueIdentifier>
    </Filter>
    <Filter Include="ソース ファイル\Hashimoto\Fade">
      <UniqueIdentifier>{0fedf063-ae9c-4330-964b-b3a56bb9b9e7}</UniqueIdentifier>
    </Filter>
    <Filter Include="ソース ファイル\Hashimoto\Title">
      <UniqueIdentifier>{cfbca9c8-21de-492f-879f-61c70e99e4f3}</UniqueIdentifier>
    </Filter>
    <Filter Include="ソース ファイル\Hashimoto\Fade_Test">
      <UniqueIdentifier>{076b2640-c5c6-4fbf-8bc6-42bf0c55dd6e}</UniqueIdentifier>
    </Filter>
    <Filter Include="ソース ファイル\Hashimoto\DotweenUI">
      <UniqueIdentifier>{6bfcca2b-6288-4596-aead-d3003a8589b3}</UniqueIdentifier>
    </Filter>
    <Filter Include="ソース ファイル\Hashimoto\NowLoadingText">
      <UniqueIdentifier>{977af2bd-d905-496e-a241-7e8af4e87623}</UniqueIdentifier>
    </Filter>
    <Filter Include="ソース ファイル\Base\GameBase\UI">
      <UniqueIdentifier>{fcb6f50d-d592-4854-96e0-4be9a81a1e19}</UniqueIdentifier>
    </Filter>
    <Filter Include="ソース ファイル\Hashimoto\stageScene">
      <UniqueIdentifier>{95226933-b755-45a9-ac95-5cad9942290a}</UniqueIdentifier>
    </Filter>
    <Filter Include="ソース ファイル\Stage">
      <UniqueIdentifier>{037eb5bb-3ef6-4cac-8da0-112575ca59bd}</UniqueIdentifier>
    </Filter>
    <Filter Include="ソース ファイル\Stage\World1">
      <UniqueIdentifier>{687f611f-3984-4b4e-9696-ac1a7c05e67c}</UniqueIdentifier>
    </Filter>
    <Filter Include="ソース ファイル\Stage\World2">
      <UniqueIdentifier>{cce0c517-7d7a-40e5-82be-8373159bf1e4}</UniqueIdentifier>
    </Filter>
    <Filter Include="ソース ファイル\Stage\World3">
      <UniqueIdentifier>{506cbb4d-54be-483b-b464-3e9f609613cd}</UniqueIdentifier>
    </Filter>
    <Filter Include="ソース ファイル\Stage\WorldEx">
      <UniqueIdentifier>{796ba7e4-557f-4757-afef-229754961aef}</UniqueIdentifier>
    </Filter>
    <Filter Include="ソース ファイル\Wakamura\CTitleScene">
      <UniqueIdentifier>{5774fff4-f88d-4e96-8929-215b586c8edd}</UniqueIdentifier>
    </Filter>
    <Filter Include="ソース ファイル\Hosoda">
      <UniqueIdentifier>{c33f2221-962a-4164-ac92-c3e769fbda35}</UniqueIdentifier>
    </Filter>

    <Filter Include="ソース ファイル\Mizuno\Stage\Cannon">
      <UniqueIdentifier>{93366efc-7ef3-4e6c-bcda-2a14e2f241af}</UniqueIdentifier>
    </Filter>
	  <Filter Include="ソース ファイル\Mizuno\Stage\Arrow">
		  <UniqueIdentifier>{64495bf3-3dd9-4bf9-8282-8e37b5f6c346}</UniqueIdentifier>
	  </Filter>
    <Filter Include="ソース ファイル\Base\GameCore\Input\CInput">
      <UniqueIdentifier>{d37b7007-708e-447a-8c5d-67c6233c4546}</UniqueIdentifier>
    </Filter>
    <Filter Include="ソース ファイル\Base\GameCore\Input\InputManager">
      <UniqueIdentifier>{5ceb9643-a6b9-4e88-bfd9-6e80baf89763}</UniqueIdentifier>
    </Filter>
    <Filter Include="ソース ファイル\Base\GameCore\Input\InputStateUpdate">
      <UniqueIdentifier>{d92c7057-9b29-469e-9676-57e0c32ceaa5}</UniqueIdentifier>

    </Filter>
  </ItemGroup>
  <ItemGroup>
    <ClInclude Include="CTest.h">
      <Filter>ソース ファイル\Hashimoto</Filter>
    </ClInclude>
    <ClInclude Include="CAnimation.h">
      <Filter>ソース ファイル\Base\GameBase\Animation</Filter>
    </ClInclude>
    <ClInclude Include="CCamera.h">
      <Filter>ソース ファイル\Base\GameBase\Camera</Filter>
    </ClInclude>
    <ClInclude Include="CObject.h">
      <Filter>ソース ファイル\Base\GameBase\Object</Filter>
    </ClInclude>
    <ClInclude Include="CScene.h">
      <Filter>ソース ファイル\Base\GameBase\Scene</Filter>
    </ClInclude>
    <ClInclude Include="CSceneManager.h">
      <Filter>ソース ファイル\Base\GameCore\SceneManager</Filter>
    </ClInclude>
    <ClInclude Include="direct3d.h">
      <Filter>ソース ファイル\Base\GameCore\direct3d</Filter>
    </ClInclude>
    <ClInclude Include="WICTextureLoader.h">
      <Filter>ソース ファイル\Base\GameCore\TextureLoader</Filter>
    </ClInclude>
    <ClInclude Include="CKawadaScene.h">
      <Filter>ソース ファイル\Kawada\KawadaScene</Filter>
    </ClInclude>
    <ClInclude Include="CTatemizoScene.h">
      <Filter>ソース ファイル\Tatemizo\TatemizoScene</Filter>
    </ClInclude>
    <ClInclude Include="CMizunoScene.h">
      <Filter>ソース ファイル\Mizuno\MizunoScene</Filter>
    </ClInclude>
    <ClInclude Include="CWakamuraScene.h">
      <Filter>ソース ファイル\Wakamura\WakamuraScene</Filter>
    </ClInclude>
    <ClInclude Include="CSelect.h">
      <Filter>ソース ファイル\Select</Filter>
    </ClInclude>
    <ClInclude Include="xa2.h">
      <Filter>ソース ファイル\Kawada\sound</Filter>
    </ClInclude>
    <ClInclude Include="Ccontroller.h">
      <Filter>ソース ファイル\Tatemizo\TatemizoScene\controller</Filter>
    </ClInclude>
    <ClInclude Include="Vector3.h">
      <Filter>ソース ファイル\Mizuno\Vector3</Filter>
    </ClInclude>
    <ClInclude Include="Transform.h">
      <Filter>ソース ファイル\Mizuno\Transform</Filter>
    </ClInclude>
    <ClInclude Include="DoTween.h">
      <Filter>ソース ファイル\Mizuno\DoTween</Filter>
    </ClInclude>
    <ClInclude Include="Collision.h">
      <Filter>ソース ファイル\Mizuno\Collsion</Filter>
    </ClInclude>
    <ClInclude Include="CPlayer.h">
      <Filter>ソース ファイル\Tatemizo\TatemizoScene\player</Filter>
    </ClInclude>
    <ClInclude Include="CEffectManeger.h">
      <Filter>ソース ファイル\Kawada\EffectManeger</Filter>
    </ClInclude>
    <ClInclude Include="CEffect.h">
      <Filter>ソース ファイル\Kawada\Effect</Filter>
    </ClInclude>
    <ClInclude Include="CEffectAnim.h">
      <Filter>ソース ファイル\Kawada\EffectAnimation</Filter>
    </ClInclude>
    <ClInclude Include="CFade.h">
      <Filter>ソース ファイル\Mizuno\Fade</Filter>
    </ClInclude>
    <ClInclude Include="CLoadStage.h">
      <Filter>ソース ファイル\Mizuno\Stage\Load</Filter>
    </ClInclude>
    <ClInclude Include="CStageMake.h">
      <Filter>ソース ファイル\Mizuno\Stage\Make</Filter>
    </ClInclude>
    <ClInclude Include="CDirectWrite.h">
      <Filter>ソース ファイル\Wakamura\WakamuraScene</Filter>
    </ClInclude>
    <ClInclude Include="Time.h">
      <Filter>ソース ファイル\Mizuno\Time</Filter>
    </ClInclude>
    <ClInclude Include="StageScene.h">
      <Filter>ソース ファイル\Mizuno\Stage\StageScene</Filter>
    </ClInclude>
    <ClInclude Include="Player.h">
      <Filter>ソース ファイル\Hashimoto\Player</Filter>
    </ClInclude>
    <ClInclude Include="CGrid.h">
      <Filter>ソース ファイル\Hashimoto\Grid</Filter>
    </ClInclude>
    <ClInclude Include="Vector2.h">
      <Filter>ソース ファイル\Base\GameBase\Vector2</Filter>
    </ClInclude>
    <ClInclude Include="GameController.h">
      <Filter>ソース ファイル\Tatemizo\TatemizoScene\controller\controllerchild</Filter>
    </ClInclude>
    <ClInclude Include="PlayerMove.h">
      <Filter>ソース ファイル\Hashimoto\Player\PlayerMove</Filter>
    </ClInclude>
    <ClInclude Include="CGridObject.h">
      <Filter>ソース ファイル\Base\GameBase\GridObject</Filter>
    </ClInclude>
    <ClInclude Include="Ckcal_gauge.h">
      <Filter>ソース ファイル\Wakamura\WakamuraScene</Filter>
    </ClInclude>
    <ClInclude Include="CCake.h">
      <Filter>ソース ファイル\Mizuno\Stage\Cake</Filter>
    </ClInclude>
    <ClInclude Include="CCastella.h">
      <Filter>ソース ファイル\Mizuno\Stage\Castella</Filter>
    </ClInclude>
    <ClInclude Include="CWall.h">
      <Filter>ソース ファイル\Mizuno\Stage\Wall</Filter>
    </ClInclude>
    <ClInclude Include="CHoll.h">
      <Filter>ソース ファイル\Mizuno\Stage\Holl</Filter>
    </ClInclude>
    <ClInclude Include="CChoco.h">
      <Filter>ソース ファイル\Mizuno\Stage\Choco</Filter>
    </ClInclude>
    <ClInclude Include="CFloor.h">
      <Filter>ソース ファイル\Mizuno\Stage\Floor</Filter>
    </ClInclude>
    <ClInclude Include="CBaum.h">
      <Filter>ソース ファイル\Mizuno\Stage\Baum</Filter>
    </ClInclude>
    <ClInclude Include="CCoin.h">
      <Filter>ソース ファイル\Mizuno\Stage\Coin</Filter>
    </ClInclude>
    <ClInclude Include="CWataame.h">
      <Filter>ソース ファイル\Mizuno\Stage\Wataame</Filter>
    </ClInclude>
    <ClInclude Include="CGumi.h">
      <Filter>ソース ファイル\Mizuno\Stage\Gumi</Filter>
    </ClInclude>
    <ClInclude Include="CProtein.h">
      <Filter>ソース ファイル\Mizuno\Stage\Protein</Filter>
    </ClInclude>
    <ClInclude Include="CGall.h">
      <Filter>ソース ファイル\Mizuno\Stage\Gall</Filter>
    </ClInclude>
    <ClInclude Include="CPlayerAnim.h">
      <Filter>ソース ファイル\Wakamura\WakamuraScene</Filter>
    </ClInclude>
    <ClInclude Include="CChili.h">
      <Filter>ソース ファイル\Mizuno\Stage\Chili</Filter>
    </ClInclude>
    <ClInclude Include="FatMove.h">
      <Filter>ソース ファイル\Hashimoto\Player\PlayerMove\FatMove</Filter>
    </ClInclude>
    <ClInclude Include="NormalMove.h">
      <Filter>ソース ファイル\Hashimoto\Player\PlayerMove\NormalMove</Filter>
    </ClInclude>
    <ClInclude Include="ThinMove.h">
      <Filter>ソース ファイル\Hashimoto\Player\PlayerMove\ThinMove</Filter>
    </ClInclude>
    <ClInclude Include="MuscleMove.h">
      <Filter>ソース ファイル\Hashimoto\Player\PlayerMove\MurscleMove</Filter>
    </ClInclude>
    <ClInclude Include="GridTable.h">
      <Filter>ソース ファイル\Hashimoto\GridTable</Filter>
    </ClInclude>
    <ClInclude Include="DebugTable.h">
      <Filter>ソース ファイル\Hashimoto\debugText</Filter>
    </ClInclude>
    <ClInclude Include="Stage.h">
      <Filter>ソース ファイル\Hashimoto\stageScene</Filter>
    </ClInclude>
    <ClInclude Include="CItem.h">
      <Filter>ソース ファイル\Mizuno\Stage\Item</Filter>
    </ClInclude>
    <ClInclude Include="CShadow.h">
      <Filter>ソース ファイル\Mizuno\Stage\Shadow</Filter>
    </ClInclude>
    <ClInclude Include="TextureFactory.h">
      <Filter>ソース ファイル\Base\GameCore\TextureFactory</Filter>
    </ClInclude>
    <ClInclude Include="CWorldSelectScene.h">
      <Filter>ソース ファイル\Wakamura\CWorldSelectScene</Filter>
    </ClInclude>
    <ClInclude Include="CWorldSelectPlayer.h">
      <Filter>ソース ファイル\Wakamura\CWorldSelectPlayer</Filter>
    </ClInclude>
    <ClInclude Include="CStage1SelectScene.h">
      <Filter>ソース ファイル\Wakamura\CStage1SelectScene</Filter>
    </ClInclude>
    <ClInclude Include="CStageSelectPlayer.h">
      <Filter>ソース ファイル\Wakamura\CStageSelectPlayer</Filter>
    </ClInclude>
    <ClInclude Include="Fade.h">
      <Filter>ソース ファイル\Hashimoto\Fade</Filter>
    </ClInclude>
    <ClInclude Include="Title.h">
      <Filter>ソース ファイル\Hashimoto\Title</Filter>
    </ClInclude>
    <ClInclude Include="Fade_TestScene.h">
      <Filter>ソース ファイル\Hashimoto\Fade_Test</Filter>
    </ClInclude>
    <ClInclude Include="UI.h">
      <Filter>ソース ファイル\Base\GameBase\UI</Filter>
    </ClInclude>
    <ClInclude Include="DotweenUI.h">
      <Filter>ソース ファイル\Hashimoto\DotweenUI</Filter>
    </ClInclude>
    <ClInclude Include="NowLoadingText.h">
      <Filter>ソース ファイル\Hashimoto\NowLoadingText</Filter>
    </ClInclude>
    <ClInclude Include="FadeUI.h">
      <Filter>ソース ファイル\Hashimoto\Fade</Filter>
    </ClInclude>
    <ClInclude Include="LoadCharacter.h">
      <Filter>ソース ファイル\Hashimoto\NowLoadingText</Filter>
    </ClInclude>
    <ClInclude Include="Stage11.h">
      <Filter>ソース ファイル\Stage\World1</Filter>
    </ClInclude>
    <ClInclude Include="Stage21.h">
      <Filter>ソース ファイル\Stage\World2</Filter>
    </ClInclude>
    <ClInclude Include="Stage31.h">
      <Filter>ソース ファイル\Stage\World3</Filter>
    </ClInclude>
    <ClInclude Include="StageEx1.h">
      <Filter>ソース ファイル\Stage\WorldEx</Filter>
    </ClInclude>
    <ClInclude Include="CTitleScene.h">
      <Filter>ソース ファイル\Wakamura\CTitleScene</Filter>
    </ClInclude>
    <ClInclude Include="HosodaSelect.h">
      <Filter>ソース ファイル\Hosoda</Filter>
    </ClInclude>

    <ClInclude Include="CCannon.h">
      <Filter>ソース ファイル\Mizuno\Stage\Cannon</Filter>
    </ClInclude>
	  <ClInclude Include="CArrow.h">
		  <Filter>ソース ファイル\Mizuno\Stage\Arrow</Filter>
	  </ClInclude>
    <ClInclude Include="CInput.h">
      <Filter>ソース ファイル\Base\GameCore\Input\CInput</Filter>
    </ClInclude>
    <ClInclude Include="InputStateUpdate.h">
      <Filter>ソース ファイル\Base\GameCore\Input\InputStateUpdate</Filter>
    </ClInclude>
    <ClInclude Include="InputManager.h">
      <Filter>ソース ファイル\Base\GameCore\Input\InputManager</Filter>
    </ClInclude>
  </ItemGroup>
  <ItemGroup>
    <ClCompile Include="CTest.cpp">
      <Filter>ソース ファイル\Hashimoto</Filter>
    </ClCompile>
    <ClCompile Include="CAnimation.cpp">
      <Filter>ソース ファイル\Base\GameBase\Animation</Filter>
    </ClCompile>
    <ClCompile Include="CCamera.cpp">
      <Filter>ソース ファイル\Base\GameBase\Camera</Filter>
    </ClCompile>
    <ClCompile Include="CScene.cpp">
      <Filter>ソース ファイル\Base\GameBase\Scene</Filter>
    </ClCompile>
    <ClCompile Include="CSceneManager.cpp">
      <Filter>ソース ファイル\Base\GameCore\SceneManager</Filter>
    </ClCompile>
    <ClCompile Include="direct3d.cpp">
      <Filter>ソース ファイル\Base\GameCore\direct3d</Filter>
    </ClCompile>
    <ClCompile Include="WICTextureLoader.cpp">
      <Filter>ソース ファイル\Base\GameCore\TextureLoader</Filter>
    </ClCompile>
    <ClCompile Include="main.cpp">
      <Filter>ソース ファイル\Base\GameCore</Filter>
    </ClCompile>
    <ClCompile Include="CKawadaScene.cpp">
      <Filter>ソース ファイル\Kawada\KawadaScene</Filter>
    </ClCompile>
    <ClCompile Include="CMizunoScene.cpp">
      <Filter>ソース ファイル\Mizuno\MizunoScene</Filter>
    </ClCompile>
    <ClCompile Include="CWakamuraScene.cpp">
      <Filter>ソース ファイル\Wakamura\WakamuraScene</Filter>
    </ClCompile>
    <ClCompile Include="CTatemizoScene.cpp">
      <Filter>ソース ファイル\Tatemizo\TatemizoScene</Filter>
    </ClCompile>
    <ClCompile Include="CSelect.cpp">
      <Filter>ソース ファイル\Select</Filter>
    </ClCompile>
    <ClCompile Include="CObject.cpp">
      <Filter>ソース ファイル\Base\GameBase\Object</Filter>
    </ClCompile>
    <ClCompile Include="xa2.cpp">
      <Filter>ソース ファイル\Kawada\sound</Filter>
    </ClCompile>
    <ClCompile Include="Ccontroller.cpp">
      <Filter>ソース ファイル\Tatemizo\TatemizoScene\controller</Filter>
    </ClCompile>
    <ClCompile Include="Vector3.cpp">
      <Filter>ソース ファイル\Mizuno\Vector3</Filter>
    </ClCompile>
    <ClCompile Include="DoTween.cpp">
      <Filter>ソース ファイル\Mizuno\DoTween</Filter>
    </ClCompile>
    <ClCompile Include="Collision.cpp">
      <Filter>ソース ファイル\Mizuno\Collsion</Filter>
    </ClCompile>
    <ClCompile Include="CPlayer.cpp">
      <Filter>ソース ファイル\Tatemizo\TatemizoScene\player</Filter>
    </ClCompile>
    <ClCompile Include="CEffectManeger.cpp">
      <Filter>ソース ファイル\Kawada\EffectManeger</Filter>
    </ClCompile>
    <ClCompile Include="CEffect.cpp">
      <Filter>ソース ファイル\Kawada\Effect</Filter>
    </ClCompile>
    <ClCompile Include="CEffectAnim.cpp">
      <Filter>ソース ファイル\Kawada\EffectAnimation</Filter>
    </ClCompile>
    <ClCompile Include="CFade.cpp">
      <Filter>ソース ファイル\Mizuno\Fade</Filter>
    </ClCompile>
    <ClCompile Include="CLoadStage.cpp">
      <Filter>ソース ファイル\Mizuno\Stage\Load</Filter>
    </ClCompile>
    <ClCompile Include="CStageMake.cpp">
      <Filter>ソース ファイル\Mizuno\Stage\Make</Filter>
    </ClCompile>
    <ClCompile Include="CDirectWrite.cpp">
      <Filter>ソース ファイル\Wakamura\WakamuraScene</Filter>
    </ClCompile>
    <ClCompile Include="Time.cpp">
      <Filter>ソース ファイル\Mizuno\Time</Filter>
    </ClCompile>
    <ClCompile Include="StageScene.cpp">
      <Filter>ソース ファイル\Mizuno\Stage\StageScene</Filter>
    </ClCompile>
    <ClCompile Include="Player.cpp">
      <Filter>ソース ファイル\Hashimoto\Player</Filter>
    </ClCompile>
    <ClCompile Include="CGrid.cpp">
      <Filter>ソース ファイル\Hashimoto\Grid</Filter>
    </ClCompile>
    <ClCompile Include="Vector2.cpp">
      <Filter>ソース ファイル\Base\GameBase\Vector2</Filter>
    </ClCompile>
    <ClCompile Include="GameController.cpp">
      <Filter>ソース ファイル\Tatemizo\TatemizoScene\controller\controllerchild</Filter>
    </ClCompile>
    <ClCompile Include="PlayerMove.cpp">
      <Filter>ソース ファイル\Hashimoto\Player\PlayerMove</Filter>
    </ClCompile>
    <ClCompile Include="CGridObject.cpp">
      <Filter>ソース ファイル\Base\GameBase\GridObject</Filter>
    </ClCompile>
    <ClCompile Include="Ckcal_gauge.cpp">
      <Filter>ソース ファイル\Wakamura\WakamuraScene</Filter>
    </ClCompile>
    <ClCompile Include="CCake.cpp">
      <Filter>ソース ファイル\Mizuno\Stage\Cake</Filter>
    </ClCompile>
    <ClCompile Include="CCastella.cpp">
      <Filter>ソース ファイル\Mizuno\Stage\Castella</Filter>
    </ClCompile>
    <ClCompile Include="CWall.cpp">
      <Filter>ソース ファイル\Mizuno\Stage\Wall</Filter>
    </ClCompile>
    <ClCompile Include="CHoll.cpp">
      <Filter>ソース ファイル\Mizuno\Stage\Holl</Filter>
    </ClCompile>
    <ClCompile Include="CChoco.cpp">
      <Filter>ソース ファイル\Mizuno\Stage\Choco</Filter>
    </ClCompile>
    <ClCompile Include="CFloor.cpp">
      <Filter>ソース ファイル\Mizuno\Stage\Floor</Filter>
    </ClCompile>
    <ClCompile Include="CBaum.cpp">
      <Filter>ソース ファイル\Mizuno\Stage\Baum</Filter>
    </ClCompile>
    <ClCompile Include="CCoin.cpp">
      <Filter>ソース ファイル\Mizuno\Stage\Coin</Filter>
    </ClCompile>
    <ClCompile Include="CWataame.cpp">
      <Filter>ソース ファイル\Mizuno\Stage\Wataame</Filter>
    </ClCompile>
    <ClCompile Include="CGumi.cpp">
      <Filter>ソース ファイル\Mizuno\Stage\Gumi</Filter>
    </ClCompile>
    <ClCompile Include="CProtein.cpp">
      <Filter>ソース ファイル\Mizuno\Stage\Protein</Filter>
    </ClCompile>
    <ClCompile Include="CGall.cpp">
      <Filter>ソース ファイル\Mizuno\Stage\Gall</Filter>
    </ClCompile>
    <ClCompile Include="CPlayerAnim.cpp">
      <Filter>ソース ファイル\Wakamura\WakamuraScene</Filter>
    </ClCompile>
    <ClCompile Include="CChili.cpp">
      <Filter>ソース ファイル\Mizuno\Stage\Chili</Filter>
    </ClCompile>
    <ClCompile Include="FatMove.cpp">
      <Filter>ソース ファイル\Hashimoto\Player\PlayerMove\FatMove</Filter>
    </ClCompile>
    <ClCompile Include="NormalMove.cpp">
      <Filter>ソース ファイル\Hashimoto\Player\PlayerMove\NormalMove</Filter>
    </ClCompile>
    <ClCompile Include="ThinMove.cpp">
      <Filter>ソース ファイル\Hashimoto\Player\PlayerMove\ThinMove</Filter>
    </ClCompile>
    <ClCompile Include="MuscleMove.cpp">
      <Filter>ソース ファイル\Hashimoto\Player\PlayerMove\MurscleMove</Filter>
    </ClCompile>
    <ClCompile Include="GridTable.cpp">
      <Filter>ソース ファイル\Hashimoto\GridTable</Filter>
    </ClCompile>
    <ClCompile Include="DebugTable.cpp">
      <Filter>ソース ファイル\Hashimoto\debugText</Filter>
    </ClCompile>
    <ClCompile Include="Stage.cpp">
      <Filter>ソース ファイル\Hashimoto\stageScene</Filter>
    </ClCompile>
    <ClCompile Include="CItem.cpp">
      <Filter>ソース ファイル\Mizuno\Stage\Item</Filter>
    </ClCompile>
    <ClCompile Include="CShadow.cpp">
      <Filter>ソース ファイル\Mizuno\Stage\Shadow</Filter>
    </ClCompile>
    <ClCompile Include="TextureFactory.cpp">
      <Filter>ソース ファイル\Base\GameCore\TextureFactory</Filter>
    </ClCompile>
    <ClCompile Include="CWorldSelectScene.cpp">
      <Filter>ソース ファイル\Wakamura\CWorldSelectScene</Filter>
    </ClCompile>
    <ClCompile Include="CWorldSelectPlayer.cpp">
      <Filter>ソース ファイル\Wakamura\CWorldSelectPlayer</Filter>
    </ClCompile>
    <ClCompile Include="CStage1SelectScene.cpp">
      <Filter>ソース ファイル\Wakamura\CStage1SelectScene</Filter>
    </ClCompile>
    <ClCompile Include="CStageSelectPlayer.cpp">
      <Filter>ソース ファイル\Wakamura\CStageSelectPlayer</Filter>
    </ClCompile>
    <ClCompile Include="Fade.cpp">
      <Filter>ソース ファイル\Hashimoto\Fade</Filter>
    </ClCompile>
    <ClCompile Include="Title.cpp">
      <Filter>ソース ファイル\Hashimoto\Title</Filter>
    </ClCompile>
    <ClCompile Include="Fade_TestScene.cpp">
      <Filter>ソース ファイル\Hashimoto\Fade_Test</Filter>
    </ClCompile>
    <ClCompile Include="UI.cpp">
      <Filter>ソース ファイル\Base\GameBase\UI</Filter>
    </ClCompile>
    <ClCompile Include="DotweenUI.cpp">
      <Filter>ソース ファイル\Hashimoto\DotweenUI</Filter>
    </ClCompile>
    <ClCompile Include="NowLoadingText.cpp">
      <Filter>ソース ファイル\Hashimoto\NowLoadingText</Filter>
    </ClCompile>
    <ClCompile Include="FadeUI.cpp">
      <Filter>ソース ファイル\Hashimoto\Fade</Filter>
    </ClCompile>
    <ClCompile Include="LoadCharacter.cpp">
      <Filter>ソース ファイル\Hashimoto\NowLoadingText</Filter>
    </ClCompile>
    <ClCompile Include="Stage11.cpp">
      <Filter>ソース ファイル\Stage\World1</Filter>
    </ClCompile>
    <ClCompile Include="Stage21.cpp">
      <Filter>ソース ファイル\Stage\World2</Filter>
    </ClCompile>
    <ClCompile Include="Stage31.cpp">
      <Filter>ソース ファイル\Stage\World3</Filter>
    </ClCompile>
    <ClCompile Include="StageEx1.cpp">
      <Filter>ソース ファイル\Stage\WorldEx</Filter>
    </ClCompile>
    <ClCompile Include="CTitleScene.cpp">
      <Filter>ソース ファイル\Wakamura\CTitleScene</Filter>
    </ClCompile>
    <ClCompile Include="HosodaSelect.cpp">
      <Filter>ソース ファイル\Hosoda</Filter>
    </ClCompile>
    <ClCompile Include="CCannon.cpp">
      <Filter>ソース ファイル\Mizuno\Stage\Cannon</Filter>
    </ClCompile>
	  <ClCompile Include="CArrow.cpp">
		  <Filter>ソース ファイル\Mizuno\Stage\Arrow</Filter>
	  </ClCompile>
    <ClCompile Include="CInput.cpp">
      <Filter>ソース ファイル\Base\GameCore\Input\CInput</Filter>
    </ClCompile>
    <ClCompile Include="InputStateUpdate.cpp">
      <Filter>ソース ファイル\Base\GameCore\Input\InputStateUpdate</Filter>
    </ClCompile>
    <ClCompile Include="InputManager.cpp">
      <Filter>ソース ファイル\Base\GameCore\Input\InputManager</Filter>
    </ClCompile>
  </ItemGroup>
  <ItemGroup>
    <FxCompile Include="PixelShader.hlsl">
      <Filter>ソース ファイル\Shader</Filter>
    </FxCompile>
    <FxCompile Include="VertexShader.hlsl">
      <Filter>ソース ファイル\Shader</Filter>
    </FxCompile>
  </ItemGroup>
</Project>